
Microsoft Visual Studio Solution File, Format Version 12.00
# Visual Studio Version 16
VisualStudioVersion = 16.0.31702.278
MinimumVisualStudioVersion = 10.0.40219.1
Project("{FAE04EC0-301F-11D3-BF4B-00C04F79EFBC}") = "PlantAPP", "PlantAPP\PlantAPP.csproj", "{DC2FE165-DDDB-4D95-8FB4-F9AE06B90DB5}"
EndProject
Global
	GlobalSection(SolutionConfigurationPlatforms) = preSolution
		Debug|Any CPU = Debug|Any CPU
		Release|Any CPU = Release|Any CPU
	EndGlobalSection
	GlobalSection(ProjectConfigurationPlatforms) = postSolution
		{DC2FE165-DDDB-4D95-8FB4-F9AE06B90DB5}.Debug|Any CPU.ActiveCfg = Debug|Any CPU
		{DC2FE165-DDDB-4D95-8FB4-F9AE06B90DB5}.Debug|Any CPU.Build.0 = Debug|Any CPU
		{DC2FE165-DDDB-4D95-8FB4-F9AE06B90DB5}.Release|Any CPU.ActiveCfg = Release|Any CPU
		{DC2FE165-DDDB-4D95-8FB4-F9AE06B90DB5}.Release|Any CPU.Build.0 = Release|Any CPU
	EndGlobalSection
	GlobalSection(SolutionProperties) = preSolution
		HideSolutionNode = FALSE
	EndGlobalSection
	GlobalSection(ExtensibilityGlobals) = postSolution
		SolutionGuid = {BB4E2582-5C27-480A-A037-C85C943E1B2F}
	EndGlobalSection
EndGlobal
